// !$*UTF8*$!
{
	archiveVersion = 1;
	classes = {
	};
	objectVersion = 46;
	objects = {

/* Begin PBXBuildFile section */
		49B4934C1A68AF3A0022C694 /* main.m in Sources */ = {isa = PBXBuildFile; fileRef = 49B4934B1A68AF3A0022C694 /* main.m */; };
		49B4934F1A68AF3A0022C694 /* AppDelegate.m in Sources */ = {isa = PBXBuildFile; fileRef = 49B4934E1A68AF3A0022C694 /* AppDelegate.m */; };
		49B493521A68AF3A0022C694 /* ViewController.m in Sources */ = {isa = PBXBuildFile; fileRef = 49B493511A68AF3A0022C694 /* ViewController.m */; };
		49B493551A68AF3A0022C694 /* Main.storyboard in Resources */ = {isa = PBXBuildFile; fileRef = 49B493531A68AF3A0022C694 /* Main.storyboard */; };
		49B493571A68AF3A0022C694 /* Images.xcassets in Resources */ = {isa = PBXBuildFile; fileRef = 49B493561A68AF3A0022C694 /* Images.xcassets */; };
		49B4935A1A68AF3A0022C694 /* LaunchScreen.xib in Resources */ = {isa = PBXBuildFile; fileRef = 49B493581A68AF3A0022C694 /* LaunchScreen.xib */; };
		49B493661A68AF3A0022C694 /* _____Tests.m in Sources */ = {isa = PBXBuildFile; fileRef = 49B493651A68AF3A0022C694 /* _____Tests.m */; };
		49B493791A68B55E0022C694 /* DataBaseManager.m in Sources */ = {isa = PBXBuildFile; fileRef = 49B493781A68B55E0022C694 /* DataBaseManager.m */; };
		9CE56023DB5F74D020BB94BF /* libPods.a in Frameworks */ = {isa = PBXBuildFile; fileRef = EF6F86572B04669C81206F9E /* libPods.a */; };
/* End PBXBuildFile section */

/* Begin PBXContainerItemProxy section */
		49B493601A68AF3A0022C694 /* PBXContainerItemProxy */ = {
			isa = PBXContainerItemProxy;
			containerPortal = 49B4933E1A68AF3A0022C694 /* Project object */;
			proxyType = 1;
			remoteGlobalIDString = 49B493451A68AF3A0022C694;
			remoteInfo = "数据库测试";
		};
/* End PBXContainerItemProxy section */

/* Begin PBXFileReference section */
		010B1F36CE91F31E0E982E23 /* Pods.release.xcconfig */ = {isa = PBXFileReference; includeInIndex = 1; lastKnownFileType = text.xcconfig; name = Pods.release.xcconfig; path = "Pods/Target Support Files/Pods/Pods.release.xcconfig"; sourceTree = "<group>"; };
		49B493461A68AF3A0022C694 /* 数据库测试.app */ = {isa = PBXFileReference; explicitFileType = wrapper.application; includeInIndex = 0; path = "数据库测试.app"; sourceTree = BUILT_PRODUCTS_DIR; };
		49B4934A1A68AF3A0022C694 /* Info.plist */ = {isa = PBXFileReference; lastKnownFileType = text.plist.xml; path = Info.plist; sourceTree = "<group>"; };
		49B4934B1A68AF3A0022C694 /* main.m */ = {isa = PBXFileReference; lastKnownFileType = sourcecode.c.objc; path = main.m; sourceTree = "<group>"; };
		49B4934D1A68AF3A0022C694 /* AppDelegate.h */ = {isa = PBXFileReference; lastKnownFileType = sourcecode.c.h; path = AppDelegate.h; sourceTree = "<group>"; };
		49B4934E1A68AF3A0022C694 /* AppDelegate.m */ = {isa = PBXFileReference; lastKnownFileType = sourcecode.c.objc; path = AppDelegate.m; sourceTree = "<group>"; };
		49B493501A68AF3A0022C694 /* ViewController.h */ = {isa = PBXFileReference; lastKnownFileType = sourcecode.c.h; path = ViewController.h; sourceTree = "<group>"; };
		49B493511A68AF3A0022C694 /* ViewController.m */ = {isa = PBXFileReference; lastKnownFileType = sourcecode.c.objc; path = ViewController.m; sourceTree = "<group>"; };
		49B493541A68AF3A0022C694 /* Base */ = {isa = PBXFileReference; lastKnownFileType = file.storyboard; name = Base; path = Base.lproj/Main.storyboard; sourceTree = "<group>"; };
		49B493561A68AF3A0022C694 /* Images.xcassets */ = {isa = PBXFileReference; lastKnownFileType = folder.assetcatalog; path = Images.xcassets; sourceTree = "<group>"; };
		49B493591A68AF3A0022C694 /* Base */ = {isa = PBXFileReference; lastKnownFileType = file.xib; name = Base; path = Base.lproj/LaunchScreen.xib; sourceTree = "<group>"; };
		49B4935F1A68AF3A0022C694 /* 数据库测试Tests.xctest */ = {isa = PBXFileReference; explicitFileType = wrapper.cfbundle; includeInIndex = 0; path = "数据库测试Tests.xctest"; sourceTree = BUILT_PRODUCTS_DIR; };
		49B493641A68AF3A0022C694 /* Info.plist */ = {isa = PBXFileReference; lastKnownFileType = text.plist.xml; path = Info.plist; sourceTree = "<group>"; };
		49B493651A68AF3A0022C694 /* _____Tests.m */ = {isa = PBXFileReference; lastKnownFileType = sourcecode.c.objc; path = "_____Tests.m"; sourceTree = "<group>"; };
		49B493771A68B55E0022C694 /* DataBaseManager.h */ = {isa = PBXFileReference; fileEncoding = 4; lastKnownFileType = sourcecode.c.h; path = DataBaseManager.h; sourceTree = "<group>"; };
		49B493781A68B55E0022C694 /* DataBaseManager.m */ = {isa = PBXFileReference; fileEncoding = 4; lastKnownFileType = sourcecode.c.objc; path = DataBaseManager.m; sourceTree = "<group>"; };
		629ED6109A399860F68633A0 /* Pods.debug.xcconfig */ = {isa = PBXFileReference; includeInIndex = 1; lastKnownFileType = text.xcconfig; name = Pods.debug.xcconfig; path = "Pods/Target Support Files/Pods/Pods.debug.xcconfig"; sourceTree = "<group>"; };
		EF6F86572B04669C81206F9E /* libPods.a */ = {isa = PBXFileReference; explicitFileType = archive.ar; includeInIndex = 0; path = libPods.a; sourceTree = BUILT_PRODUCTS_DIR; };
/* End PBXFileReference section */

/* Begin PBXFrameworksBuildPhase section */
		49B493431A68AF3A0022C694 /* Frameworks */ = {
			isa = PBXFrameworksBuildPhase;
			buildActionMask = 2147483647;
			files = (
				9CE56023DB5F74D020BB94BF /* libPods.a in Frameworks */,
			);
			runOnlyForDeploymentPostprocessing = 0;
		};
		49B4935C1A68AF3A0022C694 /* Frameworks */ = {
			isa = PBXFrameworksBuildPhase;
			buildActionMask = 2147483647;
			files = (
			);
			runOnlyForDeploymentPostprocessing = 0;
		};
/* End PBXFrameworksBuildPhase section */

/* Begin PBXGroup section */
		0CF2D8675E49856178A850BB /* Pods */ = {
			isa = PBXGroup;
			children = (
				629ED6109A399860F68633A0 /* Pods.debug.xcconfig */,
				010B1F36CE91F31E0E982E23 /* Pods.release.xcconfig */,
			);
			name = Pods;
			sourceTree = "<group>";
		};
		49B4933D1A68AF390022C694 = {
			isa = PBXGroup;
			children = (
				49B493481A68AF3A0022C694 /* 数据库测试 */,
				49B493621A68AF3A0022C694 /* 数据库测试Tests */,
				49B493471A68AF3A0022C694 /* Products */,
				0CF2D8675E49856178A850BB /* Pods */,
				FA10B9D6AC4D9D8D2926D15C /* Frameworks */,
			);
			sourceTree = "<group>";
		};
		49B493471A68AF3A0022C694 /* Products */ = {
			isa = PBXGroup;
			children = (
				49B493461A68AF3A0022C694 /* 数据库测试.app */,
				49B4935F1A68AF3A0022C694 /* 数据库测试Tests.xctest */,
			);
			name = Products;
			sourceTree = "<group>";
		};
		49B493481A68AF3A0022C694 /* 数据库测试 */ = {
			isa = PBXGroup;
			children = (
				49B4934D1A68AF3A0022C694 /* AppDelegate.h */,
				49B4934E1A68AF3A0022C694 /* AppDelegate.m */,
				49B493501A68AF3A0022C694 /* ViewController.h */,
				49B493511A68AF3A0022C694 /* ViewController.m */,
				49B493531A68AF3A0022C694 /* Main.storyboard */,
				49B493561A68AF3A0022C694 /* Images.xcassets */,
				49B493581A68AF3A0022C694 /* LaunchScreen.xib */,
				49B493491A68AF3A0022C694 /* Supporting Files */,
				49B493771A68B55E0022C694 /* DataBaseManager.h */,
				49B493781A68B55E0022C694 /* DataBaseManager.m */,
			);
			path = "数据库测试";
			sourceTree = "<group>";
		};
		49B493491A68AF3A0022C694 /* Supporting Files */ = {
			isa = PBXGroup;
			children = (
				49B4934A1A68AF3A0022C694 /* Info.plist */,
				49B4934B1A68AF3A0022C694 /* main.m */,
			);
			name = "Supporting Files";
			sourceTree = "<group>";
		};
		49B493621A68AF3A0022C694 /* 数据库测试Tests */ = {
			isa = PBXGroup;
			children = (
				49B493651A68AF3A0022C694 /* _____Tests.m */,
				49B493631A68AF3A0022C694 /* Supporting Files */,
			);
			path = "数据库测试Tests";
			sourceTree = "<group>";
		};
		49B493631A68AF3A0022C694 /* Supporting Files */ = {
			isa = PBXGroup;
			children = (
				49B493641A68AF3A0022C694 /* Info.plist */,
			);
			name = "Supporting Files";
			sourceTree = "<group>";
		};
		FA10B9D6AC4D9D8D2926D15C /* Frameworks */ = {
			isa = PBXGroup;
			children = (
				EF6F86572B04669C81206F9E /* libPods.a */,
			);
			name = Frameworks;
			sourceTree = "<group>";
		};
/* End PBXGroup section */

/* Begin PBXNativeTarget section */
		49B493451A68AF3A0022C694 /* 数据库测试 */ = {
			isa = PBXNativeTarget;
			buildConfigurationList = 49B493691A68AF3A0022C694 /* Build configuration list for PBXNativeTarget "数据库测试" */;
			buildPhases = (
				B5C9D6059782404EC8E18E84 /* Check Pods Manifest.lock */,
				49B493421A68AF3A0022C694 /* Sources */,
				49B493431A68AF3A0022C694 /* Frameworks */,
				49B493441A68AF3A0022C694 /* Resources */,
				9B5C20D86938A2900ABE31DC /* Copy Pods Resources */,
			);
			buildRules = (
			);
			dependencies = (
			);
			name = "数据库测试";
			productName = "数据库测试";
			productReference = 49B493461A68AF3A0022C694 /* 数据库测试.app */;
			productType = "com.apple.product-type.application";
		};
		49B4935E1A68AF3A0022C694 /* 数据库测试Tests */ = {
			isa = PBXNativeTarget;
			buildConfigurationList = 49B4936C1A68AF3A0022C694 /* Build configuration list for PBXNativeTarget "数据库测试Tests" */;
			buildPhases = (
				49B4935B1A68AF3A0022C694 /* Sources */,
				49B4935C1A68AF3A0022C694 /* Frameworks */,
				49B4935D1A68AF3A0022C694 /* Resources */,
			);
			buildRules = (
			);
			dependencies = (
				49B493611A68AF3A0022C694 /* PBXTargetDependency */,
			);
			name = "数据库测试Tests";
			productName = "数据库测试Tests";
			productReference = 49B4935F1A68AF3A0022C694 /* 数据库测试Tests.xctest */;
			productType = "com.apple.product-type.bundle.unit-test";
		};
/* End PBXNativeTarget section */

/* Begin PBXProject section */
		49B4933E1A68AF3A0022C694 /* Project object */ = {
			isa = PBXProject;
			attributes = {
				LastUpgradeCheck = 0610;
				ORGANIZATIONNAME = chuxiaolong;
				TargetAttributes = {
					49B493451A68AF3A0022C694 = {
						CreatedOnToolsVersion = 6.1.1;
					};
					49B4935E1A68AF3A0022C694 = {
						CreatedOnToolsVersion = 6.1.1;
						TestTargetID = 49B493451A68AF3A0022C694;
					};
				};
			};
			buildConfigurationList = 49B493411A68AF3A0022C694 /* Build configuration list for PBXProject "数据库测试" */;
			compatibilityVersion = "Xcode 3.2";
			developmentRegion = English;
			hasScannedForEncodings = 0;
			knownRegions = (
				en,
				Base,
			);
			mainGroup = 49B4933D1A68AF390022C694;
			productRefGroup = 49B493471A68AF3A0022C694 /* Products */;
			projectDirPath = "";
			projectRoot = "";
			targets = (
				49B493451A68AF3A0022C694 /* 数据库测试 */,
				49B4935E1A68AF3A0022C694 /* 数据库测试Tests */,
			);
		};
/* End PBXProject section */

/* Begin PBXResourcesBuildPhase section */
		49B493441A68AF3A0022C694 /* Resources */ = {
			isa = PBXResourcesBuildPhase;
			buildActionMask = 2147483647;
			files = (
				49B493551A68AF3A0022C694 /* Main.storyboard in Resources */,
				49B4935A1A68AF3A0022C694 /* LaunchScreen.xib in Resources */,
				49B493571A68AF3A0022C694 /* Images.xcassets in Resources */,
			);
			runOnlyForDeploymentPostprocessing = 0;
		};
		49B4935D1A68AF3A0022C694 /* Resources */ = {
			isa = PBXResourcesBuildPhase;
			buildActionMask = 2147483647;
			files = (
			);
			runOnlyForDeploymentPostprocessing = 0;
		};
/* End PBXResourcesBuildPhase section */

/* Begin PBXShellScriptBuildPhase section */
		9B5C20D86938A2900ABE31DC /* Copy Pods Resources */ = {
			isa = PBXShellScriptBuildPhase;
			buildActionMask = 2147483647;
			files = (
			);
			inputPaths = (
			);
			name = "Copy Pods Resources";
			outputPaths = (
			);
			runOnlyForDeploymentPostprocessing = 0;
			shellPath = /bin/sh;
			shellScript = "\"${SRCROOT}/Pods/Target Support Files/Pods/Pods-resources.sh\"\n";
			showEnvVarsInLog = 0;
		};
		B5C9D6059782404EC8E18E84 /* Check Pods Manifest.lock */ = {
			isa = PBXShellScriptBuildPhase;
			buildActionMask = 2147483647;
			files = (
			);
			inputPaths = (
			);
			name = "Check Pods Manifest.lock";
			outputPaths = (
			);
			runOnlyForDeploymentPostprocessing = 0;
			shellPath = /bin/sh;
			shellScript = "diff \"${PODS_ROOT}/../Podfile.lock\" \"${PODS_ROOT}/Manifest.lock\" > /dev/null\nif [[ $? != 0 ]] ; then\n    cat << EOM\nerror: The sandbox is not in sync with the Podfile.lock. Run 'pod install' or update your CocoaPods installation.\nEOM\n    exit 1\nfi\n";
			showEnvVarsInLog = 0;
		};
/* End PBXShellScriptBuildPhase section */

/* Begin PBXSourcesBuildPhase section */
		49B493421A68AF3A0022C694 /* Sources */ = {
			isa = PBXSourcesBuildPhase;
			buildActionMask = 2147483647;
			files = (
				49B493791A68B55E0022C694 /* DataBaseManager.m in Sources */,
				49B493521A68AF3A0022C694 /* ViewController.m in Sources */,
				49B4934F1A68AF3A0022C694 /* AppDelegate.m in Sources */,
				49B4934C1A68AF3A0022C694 /* main.m in Sources */,
			);
			runOnlyForDeploymentPostprocessing = 0;
		};
		49B4935B1A68AF3A0022C694 /* Sources */ = {
			isa = PBXSourcesBuildPhase;
			buildActionMask = 2147483647;
			files = (
				49B493661A68AF3A0022C694 /* _____Tests.m in Sources */,
			);
			runOnlyForDeploymentPostprocessing = 0;
		};
/* End PBXSourcesBuildPhase section */

/* Begin PBXTargetDependency section */
		49B493611A68AF3A0022C694 /* PBXTargetDependency */ = {
			isa = PBXTargetDependency;
			target = 49B493451A68AF3A0022C694 /* 数据库测试 */;
			targetProxy = 49B493601A68AF3A0022C694 /* PBXContainerItemProxy */;
		};
/* End PBXTargetDependency section */

/* Begin PBXVariantGroup section */
		49B493531A68AF3A0022C694 /* Main.storyboard */ = {
			isa = PBXVariantGroup;
			children = (
				49B493541A68AF3A0022C694 /* Base */,
			);
			name = Main.storyboard;
			sourceTree = "<group>";
		};
		49B493581A68AF3A0022C694 /* LaunchScreen.xib */ = {
			isa = PBXVariantGroup;
			children = (
				49B493591A68AF3A0022C694 /* Base */,
			);
			name = LaunchScreen.xib;
			sourceTree = "<group>";
		};
/* End PBXVariantGroup section */

/* Begin XCBuildConfiguration section */
		49B493671A68AF3A0022C694 /* Debug */ = {
			isa = XCBuildConfiguration;
			buildSettings = {
				ALWAYS_SEARCH_USER_PATHS = NO;
				CLANG_CXX_LANGUAGE_STANDARD = "gnu++0x";
				CLANG_CXX_LIBRARY = "libc++";
				CLANG_ENABLE_MODULES = YES;
				CLANG_ENABLE_OBJC_ARC = YES;
				CLANG_WARN_BOOL_CONVERSION = YES;
				CLANG_WARN_CONSTANT_CONVERSION = YES;
				CLANG_WARN_DIRECT_OBJC_ISA_USAGE = YES_ERROR;
				CLANG_WARN_EMPTY_BODY = YES;
				CLANG_WARN_ENUM_CONVERSION = YES;
				CLANG_WARN_INT_CONVERSION = YES;
				CLANG_WARN_OBJC_ROOT_CLASS = YES_ERROR;
				CLANG_WARN_UNREACHABLE_CODE = YES;
				CLANG_WARN__DUPLICATE_METHOD_MATCH = YES;
				"CODE_SIGN_IDENTITY[sdk=iphoneos*]" = "iPhone Developer";
				COPY_PHASE_STRIP = NO;
				ENABLE_STRICT_OBJC_MSGSEND = YES;
				GCC_C_LANGUAGE_STANDARD = gnu99;
				GCC_DYNAMIC_NO_PIC = NO;
				GCC_OPTIMIZATION_LEVEL = 0;
				GCC_PREPROCESSOR_DEFINITIONS = (
					"DEBUG=1",
					"$(inherited)",
				);
				GCC_SYMBOLS_PRIVATE_EXTERN = NO;
				GCC_WARN_64_TO_32_BIT_CONVERSION = YES;
				GCC_WARN_ABOUT_RETURN_TYPE = YES_ERROR;
				GCC_WARN_UNDECLARED_SELECTOR = YES;
				GCC_WARN_UNINITIALIZED_AUTOS = YES_AGGRESSIVE;
				GCC_WARN_UNUSED_FUNCTION = YES;
				GCC_WARN_UNUSED_VARIABLE = YES;
				IPHONEOS_DEPLOYMENT_TARGET = 8.1;
				MTL_ENABLE_DEBUG_INFO = YES;
				ONLY_ACTIVE_ARCH = YES;
				SDKROOT = iphoneos;
			};
			name = Debug;
		};
		49B493681A68AF3A0022C694 /* Release */ = {
			isa = XCBuildConfiguration;
			buildSettings = {
				ALWAYS_SEARCH_USER_PATHS = NO;
				CLANG_CXX_LANGUAGE_STANDARD = "gnu++0x";
				CLANG_CXX_LIBRARY = "libc++";
				CLANG_ENABLE_MODULES = YES;
				CLANG_ENABLE_OBJC_ARC = YES;
				CLANG_WARN_BOOL_CONVERSION = YES;
				CLANG_WARN_CONSTANT_CONVERSION = YES;
				CLANG_WARN_DIRECT_OBJC_ISA_USAGE = YES_ERROR;
				CLANG_WARN_EMPTY_BODY = YES;
				CLANG_WARN_ENUM_CONVERSION = YES;
				CLANG_WARN_INT_CONVERSION = YES;
				CLANG_WARN_OBJC_ROOT_CLASS = YES_ERROR;
				CLANG_WARN_UNREACHABLE_CODE = YES;
				CLANG_WARN__DUPLICATE_METHOD_MATCH = YES;
				"CODE_SIGN_IDENTITY[sdk=iphoneos*]" = "iPhone Developer";
				COPY_PHASE_STRIP = YES;
				ENABLE_NS_ASSERTIONS = NO;
				ENABLE_STRICT_OBJC_MSGSEND = YES;
				GCC_C_LANGUAGE_STANDARD = gnu99;
				GCC_WARN_64_TO_32_BIT_CONVERSION = YES;
				GCC_WARN_ABOUT_RETURN_TYPE = YES_ERROR;
				GCC_WARN_UNDECLARED_SELECTOR = YES;
				GCC_WARN_UNINITIALIZED_AUTOS = YES_AGGRESSIVE;
				GCC_WARN_UNUSED_FUNCTION = YES;
				GCC_WARN_UNUSED_VARIABLE = YES;
				IPHONEOS_DEPLOYMENT_TARGET = 8.1;
				MTL_ENABLE_DEBUG_INFO = NO;
				SDKROOT = iphoneos;
				VALIDATE_PRODUCT = YES;
			};
			name = Release;
		};
		49B4936A1A68AF3A0022C694 /* Debug */ = {
			isa = XCBuildConfiguration;
			baseConfigurationReference = 629ED6109A399860F68633A0 /* Pods.debug.xcconfig */;
			buildSettings = {
				ASSETCATALOG_COMPILER_APPICON_NAME = AppIcon;
				INFOPLIST_FILE = "数据库测试/Info.plist";
				LD_RUNPATH_SEARCH_PATHS = "$(inherited) @executable_path/Frameworks";
				PRODUCT_NAME = "$(TARGET_NAME)";
			};
			name = Debug;
		};
		49B4936B1A68AF3A0022C694 /* Release */ = {
			isa = XCBuildConfiguration;
			baseConfigurationReference = 010B1F36CE91F31E0E982E23 /* Pods.release.xcconfig */;
			buildSettings = {
				ASSETCATALOG_COMPILER_APPICON_NAME = AppIcon;
				INFOPLIST_FILE = "数据库测试/Info.plist";
				LD_RUNPATH_SEARCH_PATHS = "$(inherited) @executable_path/Frameworks";
				PRODUCT_NAME = "$(TARGET_NAME)";
			};
			name = Release;
		};
		49B4936D1A68AF3A0022C694 /* Debug */ = {
			isa = XCBuildConfiguration;
			buildSettings = {
				BUNDLE_LOADER = "$(TEST_HOST)";
				FRAMEWORK_SEARCH_PATHS = (
					"$(SDKROOT)/Developer/Library/Frameworks",
					"$(inherited)",
				);
				GCC_PREPROCESSOR_DEFINITIONS = (
					"DEBUG=1",
					"$(inherited)",
				);
				INFOPLIST_FILE = "数据库测试Tests/Info.plist";
				LD_RUNPATH_SEARCH_PATHS = "$(inherited) @executable_path/Frameworks @loader_path/Frameworks";
				PRODUCT_NAME = "$(TARGET_NAME)";
				TEST_HOST = "$(BUILT_PRODUCTS_DIR)/数据库测试.app/数据库测试";
			};
			name = Debug;
		};
		49B4936E1A68AF3A0022C694 /* Release */ = {
			isa = XCBuildConfiguration;
			buildSettings = {
				BUNDLE_LOADER = "$(TEST_HOST)";
				FRAMEWORK_SEARCH_PATHS = (
					"$(SDKROOT)/Developer/Library/Frameworks",
					"$(inherited)",
				);
				INFOPLIST_FILE = "数据库测试Tests/Info.plist";
				LD_RUNPATH_SEARCH_PATHS = "$(inherited) @executable_path/Frameworks @loader_path/Frameworks";
				PRODUCT_NAME = "$(TARGET_NAME)";
				TEST_HOST = "$(BUILT_PRODUCTS_DIR)/数据库测试.app/数据库测试";
			};
			name = Release;
		};
/* End XCBuildConfiguration section */

/* Begin XCConfigurationList section */
		49B493411A68AF3A0022C694 /* Build configuration list for PBXProject "数据库测试" */ = {
			isa = XCConfigurationList;
			buildConfigurations = (
				49B493671A68AF3A0022C694 /* Debug */,
				49B493681A68AF3A0022C694 /* Release */,
			);
			defaultConfigurationIsVisible = 0;
			defaultConfigurationName = Release;
		};
		49B493691A68AF3A0022C694 /* Build configuration list for PBXNativeTarget "数据库测试" */ = {
			isa = XCConfigurationList;
			buildConfigurations = (
				49B4936A1A68AF3A0022C694 /* Debug */,
				49B4936B1A68AF3A0022C694 /* Release */,
			);
			defaultConfigurationIsVisible = 0;
			defaultConfigurationName = Release;
		};
		49B4936C1A68AF3A0022C694 /* Build configuration list for PBXNativeTarget "数据库测试Tests" */ = {
			isa = XCConfigurationList;
			buildConfigurations = (
				49B4936D1A68AF3A0022C694 /* Debug */,
				49B4936E1A68AF3A0022C694 /* Release */,
			);
			defaultConfigurationIsVisible = 0;
			defaultConfigurationName = Release;
		};
/* End XCConfigurationList section */
	};
	rootObject = 49B4933E1A68AF3A0022C694 /* Project object */;
}
